// !$*UTF8*$!
{
	archiveVersion = 1;
	classes = {
	};
	objectVersion = 55;
	objects = {

/* Begin PBXBuildFile section */
		3228DAD92A16AD3C001CA544 /* CreateNewAccountButton.swift in Sources */ = {isa = PBXBuildFile; fileRef = 3228DAD82A16AD3C001CA544 /* CreateNewAccountButton.swift */; };
		325C2BF72A0C5F6500BA04C1 /* extension.swift in Sources */ = {isa = PBXBuildFile; fileRef = 325C2BF62A0C5F6500BA04C1 /* extension.swift */; };
		32ED37BD2A0AE36300C25BA3 /* AppDelegate.swift in Sources */ = {isa = PBXBuildFile; fileRef = 32ED37BC2A0AE36300C25BA3 /* AppDelegate.swift */; };
		32ED37BF2A0AE36300C25BA3 /* SceneDelegate.swift in Sources */ = {isa = PBXBuildFile; fileRef = 32ED37BE2A0AE36300C25BA3 /* SceneDelegate.swift */; };
		32ED37C12A0AE36300C25BA3 /* ViewController.swift in Sources */ = {isa = PBXBuildFile; fileRef = 32ED37C02A0AE36300C25BA3 /* ViewController.swift */; };
		32ED37C72A0AE36300C25BA3 /* Concentration.xcdatamodeld in Sources */ = {isa = PBXBuildFile; fileRef = 32ED37C52A0AE36300C25BA3 /* Concentration.xcdatamodeld */; };
		32ED37C92A0AE36500C25BA3 /* Assets.xcassets in Resources */ = {isa = PBXBuildFile; fileRef = 32ED37C82A0AE36500C25BA3 /* Assets.xcassets */; };
		32ED37CC2A0AE36500C25BA3 /* LaunchScreen.storyboard in Resources */ = {isa = PBXBuildFile; fileRef = 32ED37CA2A0AE36500C25BA3 /* LaunchScreen.storyboard */; };
		32ED37D72A0AE36500C25BA3 /* ConcentrationTests.swift in Sources */ = {isa = PBXBuildFile; fileRef = 32ED37D62A0AE36500C25BA3 /* ConcentrationTests.swift */; };
		32ED37E12A0AE36500C25BA3 /* ConcentrationUITests.swift in Sources */ = {isa = PBXBuildFile; fileRef = 32ED37E02A0AE36500C25BA3 /* ConcentrationUITests.swift */; };
		32ED37E32A0AE36500C25BA3 /* ConcentrationUITestsLaunchTests.swift in Sources */ = {isa = PBXBuildFile; fileRef = 32ED37E22A0AE36500C25BA3 /* ConcentrationUITestsLaunchTests.swift */; };
		32ED37F02A0AF84700C25BA3 /* Networking.swift in Sources */ = {isa = PBXBuildFile; fileRef = 32ED37EF2A0AF84700C25BA3 /* Networking.swift */; };
		32ED37F22A0B016E00C25BA3 /* User.swift in Sources */ = {isa = PBXBuildFile; fileRef = 32ED37F12A0B016E00C25BA3 /* User.swift */; };
		32ED37F72A0B0CD500C25BA3 /* LoginViewController.swift in Sources */ = {isa = PBXBuildFile; fileRef = 32ED37F62A0B0CD500C25BA3 /* LoginViewController.swift */; };
		32ED37F92A0B16FB00C25BA3 /* RegisterTextField.swift in Sources */ = {isa = PBXBuildFile; fileRef = 32ED37F82A0B16FB00C25BA3 /* RegisterTextField.swift */; };
		32ED37FB2A0B1EBC00C25BA3 /* EyeButton.swift in Sources */ = {isa = PBXBuildFile; fileRef = 32ED37FA2A0B1EBC00C25BA3 /* EyeButton.swift */; };
		32ED37FD2A0C526300C25BA3 /* SignUpButton.swift in Sources */ = {isa = PBXBuildFile; fileRef = 32ED37FC2A0C526300C25BA3 /* SignUpButton.swift */; };
		32ED38022A0C53F600C25BA3 /* Registration.swift in Sources */ = {isa = PBXBuildFile; fileRef = 32ED38012A0C53F600C25BA3 /* Registration.swift */; };
/* End PBXBuildFile section */

/* Begin PBXContainerItemProxy section */
		32ED37D32A0AE36500C25BA3 /* PBXContainerItemProxy */ = {
			isa = PBXContainerItemProxy;
			containerPortal = 32ED37B12A0AE36300C25BA3 /* Project object */;
			proxyType = 1;
			remoteGlobalIDString = 32ED37B82A0AE36300C25BA3;
			remoteInfo = Concentration;
		};
		32ED37DD2A0AE36500C25BA3 /* PBXContainerItemProxy */ = {
			isa = PBXContainerItemProxy;
			containerPortal = 32ED37B12A0AE36300C25BA3 /* Project object */;
			proxyType = 1;
			remoteGlobalIDString = 32ED37B82A0AE36300C25BA3;
			remoteInfo = Concentration;
		};
/* End PBXContainerItemProxy section */

/* Begin PBXFileReference section */
		3228DAD82A16AD3C001CA544 /* CreateNewAccountButton.swift */ = {isa = PBXFileReference; lastKnownFileType = sourcecode.swift; path = CreateNewAccountButton.swift; sourceTree = "<group>"; };
		325C2BF62A0C5F6500BA04C1 /* extension.swift */ = {isa = PBXFileReference; lastKnownFileType = sourcecode.swift; path = extension.swift; sourceTree = "<group>"; };
		32ED37B92A0AE36300C25BA3 /* Concentration.app */ = {isa = PBXFileReference; explicitFileType = wrapper.application; includeInIndex = 0; path = Concentration.app; sourceTree = BUILT_PRODUCTS_DIR; };
		32ED37BC2A0AE36300C25BA3 /* AppDelegate.swift */ = {isa = PBXFileReference; lastKnownFileType = sourcecode.swift; path = AppDelegate.swift; sourceTree = "<group>"; };
		32ED37BE2A0AE36300C25BA3 /* SceneDelegate.swift */ = {isa = PBXFileReference; lastKnownFileType = sourcecode.swift; path = SceneDelegate.swift; sourceTree = "<group>"; };
		32ED37C02A0AE36300C25BA3 /* ViewController.swift */ = {isa = PBXFileReference; lastKnownFileType = sourcecode.swift; path = ViewController.swift; sourceTree = "<group>"; };
		32ED37C62A0AE36300C25BA3 /* Concentration.xcdatamodel */ = {isa = PBXFileReference; lastKnownFileType = wrapper.xcdatamodel; path = Concentration.xcdatamodel; sourceTree = "<group>"; };
		32ED37C82A0AE36500C25BA3 /* Assets.xcassets */ = {isa = PBXFileReference; lastKnownFileType = folder.assetcatalog; path = Assets.xcassets; sourceTree = "<group>"; };
		32ED37CB2A0AE36500C25BA3 /* Base */ = {isa = PBXFileReference; lastKnownFileType = file.storyboard; name = Base; path = Base.lproj/LaunchScreen.storyboard; sourceTree = "<group>"; };
		32ED37CD2A0AE36500C25BA3 /* Info.plist */ = {isa = PBXFileReference; lastKnownFileType = text.plist.xml; path = Info.plist; sourceTree = "<group>"; };
		32ED37D22A0AE36500C25BA3 /* ConcentrationTests.xctest */ = {isa = PBXFileReference; explicitFileType = wrapper.cfbundle; includeInIndex = 0; path = ConcentrationTests.xctest; sourceTree = BUILT_PRODUCTS_DIR; };
		32ED37D62A0AE36500C25BA3 /* ConcentrationTests.swift */ = {isa = PBXFileReference; lastKnownFileType = sourcecode.swift; path = ConcentrationTests.swift; sourceTree = "<group>"; };
		32ED37DC2A0AE36500C25BA3 /* ConcentrationUITests.xctest */ = {isa = PBXFileReference; explicitFileType = wrapper.cfbundle; includeInIndex = 0; path = ConcentrationUITests.xctest; sourceTree = BUILT_PRODUCTS_DIR; };
		32ED37E02A0AE36500C25BA3 /* ConcentrationUITests.swift */ = {isa = PBXFileReference; lastKnownFileType = sourcecode.swift; path = ConcentrationUITests.swift; sourceTree = "<group>"; };
		32ED37E22A0AE36500C25BA3 /* ConcentrationUITestsLaunchTests.swift */ = {isa = PBXFileReference; lastKnownFileType = sourcecode.swift; path = ConcentrationUITestsLaunchTests.swift; sourceTree = "<group>"; };
		32ED37EF2A0AF84700C25BA3 /* Networking.swift */ = {isa = PBXFileReference; lastKnownFileType = sourcecode.swift; path = Networking.swift; sourceTree = "<group>"; };
		32ED37F12A0B016E00C25BA3 /* User.swift */ = {isa = PBXFileReference; lastKnownFileType = sourcecode.swift; path = User.swift; sourceTree = "<group>"; };
		32ED37F62A0B0CD500C25BA3 /* LoginViewController.swift */ = {isa = PBXFileReference; lastKnownFileType = sourcecode.swift; path = LoginViewController.swift; sourceTree = "<group>"; };
		32ED37F82A0B16FB00C25BA3 /* RegisterTextField.swift */ = {isa = PBXFileReference; lastKnownFileType = sourcecode.swift; path = RegisterTextField.swift; sourceTree = "<group>"; };
		32ED37FA2A0B1EBC00C25BA3 /* EyeButton.swift */ = {isa = PBXFileReference; lastKnownFileType = sourcecode.swift; path = EyeButton.swift; sourceTree = "<group>"; };
		32ED37FC2A0C526300C25BA3 /* SignUpButton.swift */ = {isa = PBXFileReference; lastKnownFileType = sourcecode.swift; path = SignUpButton.swift; sourceTree = "<group>"; };
		32ED38012A0C53F600C25BA3 /* Registration.swift */ = {isa = PBXFileReference; lastKnownFileType = sourcecode.swift; path = Registration.swift; sourceTree = "<group>"; };
/* End PBXFileReference section */

/* Begin PBXFrameworksBuildPhase section */
		32ED37B62A0AE36300C25BA3 /* Frameworks */ = {
			isa = PBXFrameworksBuildPhase;
			buildActionMask = 2147483647;
			files = (
			);
			runOnlyForDeploymentPostprocessing = 0;
		};
		32ED37CF2A0AE36500C25BA3 /* Frameworks */ = {
			isa = PBXFrameworksBuildPhase;
			buildActionMask = 2147483647;
			files = (
			);
			runOnlyForDeploymentPostprocessing = 0;
		};
		32ED37D92A0AE36500C25BA3 /* Frameworks */ = {
			isa = PBXFrameworksBuildPhase;
			buildActionMask = 2147483647;
			files = (
			);
			runOnlyForDeploymentPostprocessing = 0;
		};
/* End PBXFrameworksBuildPhase section */

/* Begin PBXGroup section */
		32ED37B02A0AE36300C25BA3 = {
			isa = PBXGroup;
			children = (
				32ED37BB2A0AE36300C25BA3 /* Concentration */,
				32ED37D52A0AE36500C25BA3 /* ConcentrationTests */,
				32ED37DF2A0AE36500C25BA3 /* ConcentrationUITests */,
				32ED37BA2A0AE36300C25BA3 /* Products */,
			);
			sourceTree = "<group>";
		};
		32ED37BA2A0AE36300C25BA3 /* Products */ = {
			isa = PBXGroup;
			children = (
				32ED37B92A0AE36300C25BA3 /* Concentration.app */,
				32ED37D22A0AE36500C25BA3 /* ConcentrationTests.xctest */,
				32ED37DC2A0AE36500C25BA3 /* ConcentrationUITests.xctest */,
			);
			name = Products;
			sourceTree = "<group>";
		};
		32ED37BB2A0AE36300C25BA3 /* Concentration */ = {
			isa = PBXGroup;
			children = (
				32ED37F52A0B0CC500C25BA3 /* LoginFlow */,
				32ED38002A0C53E000C25BA3 /* Registration */,
				32ED37F32A0B017400C25BA3 /* NetworkLayer */,
				32ED37BC2A0AE36300C25BA3 /* AppDelegate.swift */,
				32ED37BE2A0AE36300C25BA3 /* SceneDelegate.swift */,
				32ED37C02A0AE36300C25BA3 /* ViewController.swift */,
				32ED37C82A0AE36500C25BA3 /* Assets.xcassets */,
				32ED37CA2A0AE36500C25BA3 /* LaunchScreen.storyboard */,
				32ED37CD2A0AE36500C25BA3 /* Info.plist */,
				32ED37C52A0AE36300C25BA3 /* Concentration.xcdatamodeld */,
				325C2BF62A0C5F6500BA04C1 /* extension.swift */,
			);
			path = Concentration;
			sourceTree = "<group>";
		};
		32ED37D52A0AE36500C25BA3 /* ConcentrationTests */ = {
			isa = PBXGroup;
			children = (
				32ED37D62A0AE36500C25BA3 /* ConcentrationTests.swift */,
			);
			path = ConcentrationTests;
			sourceTree = "<group>";
		};
		32ED37DF2A0AE36500C25BA3 /* ConcentrationUITests */ = {
			isa = PBXGroup;
			children = (
				32ED37E02A0AE36500C25BA3 /* ConcentrationUITests.swift */,
				32ED37E22A0AE36500C25BA3 /* ConcentrationUITestsLaunchTests.swift */,
			);
			path = ConcentrationUITests;
			sourceTree = "<group>";
		};
		32ED37F32A0B017400C25BA3 /* NetworkLayer */ = {
			isa = PBXGroup;
			children = (
				32ED37F42A0B018100C25BA3 /* Models */,
				32ED37EF2A0AF84700C25BA3 /* Networking.swift */,
			);
			path = NetworkLayer;
			sourceTree = "<group>";
		};
		32ED37F42A0B018100C25BA3 /* Models */ = {
			isa = PBXGroup;
			children = (
				32ED37F12A0B016E00C25BA3 /* User.swift */,
			);
			path = Models;
			sourceTree = "<group>";
		};
		32ED37F52A0B0CC500C25BA3 /* LoginFlow */ = {
			isa = PBXGroup;
			children = (
				32ED37FE2A0C526900C25BA3 /* LoginElemets */,
				32ED37F62A0B0CD500C25BA3 /* LoginViewController.swift */,
			);
			path = LoginFlow;
			sourceTree = "<group>";
		};
		32ED37FE2A0C526900C25BA3 /* LoginElemets */ = {
			isa = PBXGroup;
			children = (
				32ED37FC2A0C526300C25BA3 /* SignUpButton.swift */,
				3228DAD82A16AD3C001CA544 /* CreateNewAccountButton.swift */,
				32ED37FA2A0B1EBC00C25BA3 /* EyeButton.swift */,
				32ED37F82A0B16FB00C25BA3 /* RegisterTextField.swift */,
			);
			path = LoginElemets;
			sourceTree = "<group>";
		};
		32ED38002A0C53E000C25BA3 /* Registration */ = {
			isa = PBXGroup;
			children = (
				32ED38012A0C53F600C25BA3 /* Registration.swift */,
			);
			path = Registration;
			sourceTree = "<group>";
		};
/* End PBXGroup section */

/* Begin PBXNativeTarget section */
		32ED37B82A0AE36300C25BA3 /* Concentration */ = {
			isa = PBXNativeTarget;
			buildConfigurationList = 32ED37E62A0AE36500C25BA3 /* Build configuration list for PBXNativeTarget "Concentration" */;
			buildPhases = (
				32ED37B52A0AE36300C25BA3 /* Sources */,
				32ED37B62A0AE36300C25BA3 /* Frameworks */,
				32ED37B72A0AE36300C25BA3 /* Resources */,
			);
			buildRules = (
			);
			dependencies = (
			);
			name = Concentration;
			productName = Concentration;
			productReference = 32ED37B92A0AE36300C25BA3 /* Concentration.app */;
			productType = "com.apple.product-type.application";
		};
		32ED37D12A0AE36500C25BA3 /* ConcentrationTests */ = {
			isa = PBXNativeTarget;
			buildConfigurationList = 32ED37E92A0AE36500C25BA3 /* Build configuration list for PBXNativeTarget "ConcentrationTests" */;
			buildPhases = (
				32ED37CE2A0AE36500C25BA3 /* Sources */,
				32ED37CF2A0AE36500C25BA3 /* Frameworks */,
				32ED37D02A0AE36500C25BA3 /* Resources */,
			);
			buildRules = (
			);
			dependencies = (
				32ED37D42A0AE36500C25BA3 /* PBXTargetDependency */,
			);
			name = ConcentrationTests;
			productName = ConcentrationTests;
			productReference = 32ED37D22A0AE36500C25BA3 /* ConcentrationTests.xctest */;
			productType = "com.apple.product-type.bundle.unit-test";
		};
		32ED37DB2A0AE36500C25BA3 /* ConcentrationUITests */ = {
			isa = PBXNativeTarget;
			buildConfigurationList = 32ED37EC2A0AE36500C25BA3 /* Build configuration list for PBXNativeTarget "ConcentrationUITests" */;
			buildPhases = (
				32ED37D82A0AE36500C25BA3 /* Sources */,
				32ED37D92A0AE36500C25BA3 /* Frameworks */,
				32ED37DA2A0AE36500C25BA3 /* Resources */,
			);
			buildRules = (
			);
			dependencies = (
				32ED37DE2A0AE36500C25BA3 /* PBXTargetDependency */,
			);
			name = ConcentrationUITests;
			productName = ConcentrationUITests;
			productReference = 32ED37DC2A0AE36500C25BA3 /* ConcentrationUITests.xctest */;
			productType = "com.apple.product-type.bundle.ui-testing";
		};
/* End PBXNativeTarget section */

/* Begin PBXProject section */
		32ED37B12A0AE36300C25BA3 /* Project object */ = {
			isa = PBXProject;
			attributes = {
				BuildIndependentTargetsInParallel = 1;
				LastSwiftUpdateCheck = 1430;
				LastUpgradeCheck = 1430;
				TargetAttributes = {
					32ED37B82A0AE36300C25BA3 = {
						CreatedOnToolsVersion = 14.3;
					};
					32ED37D12A0AE36500C25BA3 = {
						CreatedOnToolsVersion = 14.3;
						TestTargetID = 32ED37B82A0AE36300C25BA3;
					};
					32ED37DB2A0AE36500C25BA3 = {
						CreatedOnToolsVersion = 14.3;
						TestTargetID = 32ED37B82A0AE36300C25BA3;
					};
				};
			};
			buildConfigurationList = 32ED37B42A0AE36300C25BA3 /* Build configuration list for PBXProject "Concentration" */;
			compatibilityVersion = "Xcode 13.0";
			developmentRegion = en;
			hasScannedForEncodings = 0;
			knownRegions = (
				en,
				Base,
			);
			mainGroup = 32ED37B02A0AE36300C25BA3;
			productRefGroup = 32ED37BA2A0AE36300C25BA3 /* Products */;
			projectDirPath = "";
			projectRoot = "";
			targets = (
				32ED37B82A0AE36300C25BA3 /* Concentration */,
				32ED37D12A0AE36500C25BA3 /* ConcentrationTests */,
				32ED37DB2A0AE36500C25BA3 /* ConcentrationUITests */,
			);
		};
/* End PBXProject section */

/* Begin PBXResourcesBuildPhase section */
		32ED37B72A0AE36300C25BA3 /* Resources */ = {
			isa = PBXResourcesBuildPhase;
			buildActionMask = 2147483647;
			files = (
				32ED37CC2A0AE36500C25BA3 /* LaunchScreen.storyboard in Resources */,
				32ED37C92A0AE36500C25BA3 /* Assets.xcassets in Resources */,
			);
			runOnlyForDeploymentPostprocessing = 0;
		};
		32ED37D02A0AE36500C25BA3 /* Resources */ = {
			isa = PBXResourcesBuildPhase;
			buildActionMask = 2147483647;
			files = (
			);
			runOnlyForDeploymentPostprocessing = 0;
		};
		32ED37DA2A0AE36500C25BA3 /* Resources */ = {
			isa = PBXResourcesBuildPhase;
			buildActionMask = 2147483647;
			files = (
			);
			runOnlyForDeploymentPostprocessing = 0;
		};
/* End PBXResourcesBuildPhase section */

/* Begin PBXSourcesBuildPhase section */
		32ED37B52A0AE36300C25BA3 /* Sources */ = {
			isa = PBXSourcesBuildPhase;
			buildActionMask = 2147483647;
			files = (
				32ED37F92A0B16FB00C25BA3 /* RegisterTextField.swift in Sources */,
				32ED37F72A0B0CD500C25BA3 /* LoginViewController.swift in Sources */,
				32ED37C12A0AE36300C25BA3 /* ViewController.swift in Sources */,
				325C2BF72A0C5F6500BA04C1 /* extension.swift in Sources */,
				32ED38022A0C53F600C25BA3 /* Registration.swift in Sources */,
				3228DAD92A16AD3C001CA544 /* CreateNewAccountButton.swift in Sources */,
				32ED37FD2A0C526300C25BA3 /* SignUpButton.swift in Sources */,
				32ED37F02A0AF84700C25BA3 /* Networking.swift in Sources */,
				32ED37C72A0AE36300C25BA3 /* Concentration.xcdatamodeld in Sources */,
				32ED37F22A0B016E00C25BA3 /* User.swift in Sources */,
				32ED37BD2A0AE36300C25BA3 /* AppDelegate.swift in Sources */,
				32ED37BF2A0AE36300C25BA3 /* SceneDelegate.swift in Sources */,
				32ED37FB2A0B1EBC00C25BA3 /* EyeButton.swift in Sources */,
			);
			runOnlyForDeploymentPostprocessing = 0;
		};
		32ED37CE2A0AE36500C25BA3 /* Sources */ = {
			isa = PBXSourcesBuildPhase;
			buildActionMask = 2147483647;
			files = (
				32ED37D72A0AE36500C25BA3 /* ConcentrationTests.swift in Sources */,
			);
			runOnlyForDeploymentPostprocessing = 0;
		};
		32ED37D82A0AE36500C25BA3 /* Sources */ = {
			isa = PBXSourcesBuildPhase;
			buildActionMask = 2147483647;
			files = (
				32ED37E32A0AE36500C25BA3 /* ConcentrationUITestsLaunchTests.swift in Sources */,
				32ED37E12A0AE36500C25BA3 /* ConcentrationUITests.swift in Sources */,
			);
			runOnlyForDeploymentPostprocessing = 0;
		};
/* End PBXSourcesBuildPhase section */

/* Begin PBXTargetDependency section */
		32ED37D42A0AE36500C25BA3 /* PBXTargetDependency */ = {
			isa = PBXTargetDependency;
			target = 32ED37B82A0AE36300C25BA3 /* Concentration */;
			targetProxy = 32ED37D32A0AE36500C25BA3 /* PBXContainerItemProxy */;
		};
		32ED37DE2A0AE36500C25BA3 /* PBXTargetDependency */ = {
			isa = PBXTargetDependency;
			target = 32ED37B82A0AE36300C25BA3 /* Concentration */;
			targetProxy = 32ED37DD2A0AE36500C25BA3 /* PBXContainerItemProxy */;
		};
/* End PBXTargetDependency section */

/* Begin PBXVariantGroup section */
		32ED37CA2A0AE36500C25BA3 /* LaunchScreen.storyboard */ = {
			isa = PBXVariantGroup;
			children = (
				32ED37CB2A0AE36500C25BA3 /* Base */,
			);
			name = LaunchScreen.storyboard;
			sourceTree = "<group>";
		};
/* End PBXVariantGroup section */

/* Begin XCBuildConfiguration section */
		32ED37E42A0AE36500C25BA3 /* Debug */ = {
			isa = XCBuildConfiguration;
			buildSettings = {
				ALWAYS_SEARCH_USER_PATHS = NO;
				CLANG_ANALYZER_NONNULL = YES;
				CLANG_ANALYZER_NUMBER_OBJECT_CONVERSION = YES_AGGRESSIVE;
				CLANG_CXX_LANGUAGE_STANDARD = "gnu++20";
				CLANG_ENABLE_MODULES = YES;
				CLANG_ENABLE_OBJC_ARC = YES;
				CLANG_ENABLE_OBJC_WEAK = YES;
				CLANG_WARN_BLOCK_CAPTURE_AUTORELEASING = YES;
				CLANG_WARN_BOOL_CONVERSION = YES;
				CLANG_WARN_COMMA = YES;
				CLANG_WARN_CONSTANT_CONVERSION = YES;
				CLANG_WARN_DEPRECATED_OBJC_IMPLEMENTATIONS = YES;
				CLANG_WARN_DIRECT_OBJC_ISA_USAGE = YES_ERROR;
				CLANG_WARN_DOCUMENTATION_COMMENTS = YES;
				CLANG_WARN_EMPTY_BODY = YES;
				CLANG_WARN_ENUM_CONVERSION = YES;
				CLANG_WARN_INFINITE_RECURSION = YES;
				CLANG_WARN_INT_CONVERSION = YES;
				CLANG_WARN_NON_LITERAL_NULL_CONVERSION = YES;
				CLANG_WARN_OBJC_IMPLICIT_RETAIN_SELF = YES;
				CLANG_WARN_OBJC_LITERAL_CONVERSION = YES;
				CLANG_WARN_OBJC_ROOT_CLASS = YES_ERROR;
				CLANG_WARN_QUOTED_INCLUDE_IN_FRAMEWORK_HEADER = YES;
				CLANG_WARN_RANGE_LOOP_ANALYSIS = YES;
				CLANG_WARN_STRICT_PROTOTYPES = YES;
				CLANG_WARN_SUSPICIOUS_MOVE = YES;
				CLANG_WARN_UNGUARDED_AVAILABILITY = YES_AGGRESSIVE;
				CLANG_WARN_UNREACHABLE_CODE = YES;
				CLANG_WARN__DUPLICATE_METHOD_MATCH = YES;
				COPY_PHASE_STRIP = NO;
				DEBUG_INFORMATION_FORMAT = dwarf;
				ENABLE_STRICT_OBJC_MSGSEND = YES;
				ENABLE_TESTABILITY = YES;
				GCC_C_LANGUAGE_STANDARD = gnu11;
				GCC_DYNAMIC_NO_PIC = NO;
				GCC_NO_COMMON_BLOCKS = YES;
				GCC_OPTIMIZATION_LEVEL = 0;
				GCC_PREPROCESSOR_DEFINITIONS = (
					"DEBUG=1",
					"$(inherited)",
				);
				GCC_WARN_64_TO_32_BIT_CONVERSION = YES;
				GCC_WARN_ABOUT_RETURN_TYPE = YES_ERROR;
				GCC_WARN_UNDECLARED_SELECTOR = YES;
				GCC_WARN_UNINITIALIZED_AUTOS = YES_AGGRESSIVE;
				GCC_WARN_UNUSED_FUNCTION = YES;
				GCC_WARN_UNUSED_VARIABLE = YES;
				IPHONEOS_DEPLOYMENT_TARGET = 16.4;
				MTL_ENABLE_DEBUG_INFO = INCLUDE_SOURCE;
				MTL_FAST_MATH = YES;
				ONLY_ACTIVE_ARCH = YES;
				SDKROOT = iphoneos;
				SWIFT_ACTIVE_COMPILATION_CONDITIONS = DEBUG;
				SWIFT_OPTIMIZATION_LEVEL = "-Onone";
			};
			name = Debug;
		};
		32ED37E52A0AE36500C25BA3 /* Release */ = {
			isa = XCBuildConfiguration;
			buildSettings = {
				ALWAYS_SEARCH_USER_PATHS = NO;
				CLANG_ANALYZER_NONNULL = YES;
				CLANG_ANALYZER_NUMBER_OBJECT_CONVERSION = YES_AGGRESSIVE;
				CLANG_CXX_LANGUAGE_STANDARD = "gnu++20";
				CLANG_ENABLE_MODULES = YES;
				CLANG_ENABLE_OBJC_ARC = YES;
				CLANG_ENABLE_OBJC_WEAK = YES;
				CLANG_WARN_BLOCK_CAPTURE_AUTORELEASING = YES;
				CLANG_WARN_BOOL_CONVERSION = YES;
				CLANG_WARN_COMMA = YES;
				CLANG_WARN_CONSTANT_CONVERSION = YES;
				CLANG_WARN_DEPRECATED_OBJC_IMPLEMENTATIONS = YES;
				CLANG_WARN_DIRECT_OBJC_ISA_USAGE = YES_ERROR;
				CLANG_WARN_DOCUMENTATION_COMMENTS = YES;
				CLANG_WARN_EMPTY_BODY = YES;
				CLANG_WARN_ENUM_CONVERSION = YES;
				CLANG_WARN_INFINITE_RECURSION = YES;
				CLANG_WARN_INT_CONVERSION = YES;
				CLANG_WARN_NON_LITERAL_NULL_CONVERSION = YES;
				CLANG_WARN_OBJC_IMPLICIT_RETAIN_SELF = YES;
				CLANG_WARN_OBJC_LITERAL_CONVERSION = YES;
				CLANG_WARN_OBJC_ROOT_CLASS = YES_ERROR;
				CLANG_WARN_QUOTED_INCLUDE_IN_FRAMEWORK_HEADER = YES;
				CLANG_WARN_RANGE_LOOP_ANALYSIS = YES;
				CLANG_WARN_STRICT_PROTOTYPES = YES;
				CLANG_WARN_SUSPICIOUS_MOVE = YES;
				CLANG_WARN_UNGUARDED_AVAILABILITY = YES_AGGRESSIVE;
				CLANG_WARN_UNREACHABLE_CODE = YES;
				CLANG_WARN__DUPLICATE_METHOD_MATCH = YES;
				COPY_PHASE_STRIP = NO;
				DEBUG_INFORMATION_FORMAT = "dwarf-with-dsym";
				ENABLE_NS_ASSERTIONS = NO;
				ENABLE_STRICT_OBJC_MSGSEND = YES;
				GCC_C_LANGUAGE_STANDARD = gnu11;
				GCC_NO_COMMON_BLOCKS = YES;
				GCC_WARN_64_TO_32_BIT_CONVERSION = YES;
				GCC_WARN_ABOUT_RETURN_TYPE = YES_ERROR;
				GCC_WARN_UNDECLARED_SELECTOR = YES;
				GCC_WARN_UNINITIALIZED_AUTOS = YES_AGGRESSIVE;
				GCC_WARN_UNUSED_FUNCTION = YES;
				GCC_WARN_UNUSED_VARIABLE = YES;
				IPHONEOS_DEPLOYMENT_TARGET = 16.4;
				MTL_ENABLE_DEBUG_INFO = NO;
				MTL_FAST_MATH = YES;
				SDKROOT = iphoneos;
				SWIFT_COMPILATION_MODE = wholemodule;
				SWIFT_OPTIMIZATION_LEVEL = "-O";
				VALIDATE_PRODUCT = YES;
			};
			name = Release;
		};
		32ED37E72A0AE36500C25BA3 /* Debug */ = {
			isa = XCBuildConfiguration;
			buildSettings = {
				ASSETCATALOG_COMPILER_APPICON_NAME = AppIcon;
				ASSETCATALOG_COMPILER_GLOBAL_ACCENT_COLOR_NAME = AccentColor;
				CODE_SIGN_STYLE = Automatic;
				CURRENT_PROJECT_VERSION = 1;
				DEVELOPMENT_TEAM = 2BSX94J4GS;
				GENERATE_INFOPLIST_FILE = YES;
				INFOPLIST_FILE = Concentration/Info.plist;
				INFOPLIST_KEY_UIApplicationSupportsIndirectInputEvents = YES;
				INFOPLIST_KEY_UILaunchStoryboardName = LaunchScreen;
				INFOPLIST_KEY_UISupportedInterfaceOrientations_iPad = "UIInterfaceOrientationPortrait UIInterfaceOrientationPortraitUpsideDown UIInterfaceOrientationLandscapeLeft UIInterfaceOrientationLandscapeRight";
				INFOPLIST_KEY_UISupportedInterfaceOrientations_iPhone = "UIInterfaceOrientationPortrait UIInterfaceOrientationLandscapeLeft UIInterfaceOrientationLandscapeRight";
				LD_RUNPATH_SEARCH_PATHS = (
					"$(inherited)",
					"@executable_path/Frameworks",
				);
				MARKETING_VERSION = 1.0;
				PRODUCT_BUNDLE_IDENTIFIER = Vahe.Concentration;
				PRODUCT_NAME = "$(TARGET_NAME)";
				SWIFT_EMIT_LOC_STRINGS = YES;
				SWIFT_VERSION = 5.0;
				TARGETED_DEVICE_FAMILY = "1,2";
			};
			name = Debug;
		};
		32ED37E82A0AE36500C25BA3 /* Release */ = {
			isa = XCBuildConfiguration;
			buildSettings = {
				ASSETCATALOG_COMPILER_APPICON_NAME = AppIcon;
				ASSETCATALOG_COMPILER_GLOBAL_ACCENT_COLOR_NAME = AccentColor;
				CODE_SIGN_STYLE = Automatic;
				CURRENT_PROJECT_VERSION = 1;
				DEVELOPMENT_TEAM = 2BSX94J4GS;
				GENERATE_INFOPLIST_FILE = YES;
				INFOPLIST_FILE = Concentration/Info.plist;
				INFOPLIST_KEY_UIApplicationSupportsIndirectInputEvents = YES;
				INFOPLIST_KEY_UILaunchStoryboardName = LaunchScreen;
				INFOPLIST_KEY_UISupportedInterfaceOrientations_iPad = "UIInterfaceOrientationPortrait UIInterfaceOrientationPortraitUpsideDown UIInterfaceOrientationLandscapeLeft UIInterfaceOrientationLandscapeRight";
				INFOPLIST_KEY_UISupportedInterfaceOrientations_iPhone = "UIInterfaceOrientationPortrait UIInterfaceOrientationLandscapeLeft UIInterfaceOrientationLandscapeRight";
				LD_RUNPATH_SEARCH_PATHS = (
					"$(inherited)",
					"@executable_path/Frameworks",
				);
				MARKETING_VERSION = 1.0;
				PRODUCT_BUNDLE_IDENTIFIER = Vahe.Concentration;
				PRODUCT_NAME = "$(TARGET_NAME)";
				SWIFT_EMIT_LOC_STRINGS = YES;
				SWIFT_VERSION = 5.0;
				TARGETED_DEVICE_FAMILY = "1,2";
			};
			name = Release;
		};
		32ED37EA2A0AE36500C25BA3 /* Debug */ = {
			isa = XCBuildConfiguration;
			buildSettings = {
				ALWAYS_EMBED_SWIFT_STANDARD_LIBRARIES = YES;
				BUNDLE_LOADER = "$(TEST_HOST)";
				CODE_SIGN_STYLE = Automatic;
				CURRENT_PROJECT_VERSION = 1;
				DEVELOPMENT_TEAM = 2BSX94J4GS;
				GENERATE_INFOPLIST_FILE = YES;
				IPHONEOS_DEPLOYMENT_TARGET = 16.4;
				MARKETING_VERSION = 1.0;
				PRODUCT_BUNDLE_IDENTIFIER = Vahe.ConcentrationTests;
				PRODUCT_NAME = "$(TARGET_NAME)";
				SWIFT_EMIT_LOC_STRINGS = NO;
				SWIFT_VERSION = 5.0;
				TARGETED_DEVICE_FAMILY = "1,2";
				TEST_HOST = "$(BUILT_PRODUCTS_DIR)/Concentration.app/$(BUNDLE_EXECUTABLE_FOLDER_PATH)/Concentration";
			};
			name = Debug;
		};
		32ED37EB2A0AE36500C25BA3 /* Release */ = {
			isa = XCBuildConfiguration;
			buildSettings = {
				ALWAYS_EMBED_SWIFT_STANDARD_LIBRARIES = YES;
				BUNDLE_LOADER = "$(TEST_HOST)";
				CODE_SIGN_STYLE = Automatic;
				CURRENT_PROJECT_VERSION = 1;
				DEVELOPMENT_TEAM = 2BSX94J4GS;
				GENERATE_INFOPLIST_FILE = YES;
				IPHONEOS_DEPLOYMENT_TARGET = 16.4;
				MARKETING_VERSION = 1.0;
				PRODUCT_BUNDLE_IDENTIFIER = Vahe.ConcentrationTests;
				PRODUCT_NAME = "$(TARGET_NAME)";
				SWIFT_EMIT_LOC_STRINGS = NO;
				SWIFT_VERSION = 5.0;
				TARGETED_DEVICE_FAMILY = "1,2";
				TEST_HOST = "$(BUILT_PRODUCTS_DIR)/Concentration.app/$(BUNDLE_EXECUTABLE_FOLDER_PATH)/Concentration";
			};
			name = Release;
		};
		32ED37ED2A0AE36500C25BA3 /* Debug */ = {
			isa = XCBuildConfiguration;
			buildSettings = {
				ALWAYS_EMBED_SWIFT_STANDARD_LIBRARIES = YES;
				CODE_SIGN_STYLE = Automatic;
				CURRENT_PROJECT_VERSION = 1;
				DEVELOPMENT_TEAM = 2BSX94J4GS;
				GENERATE_INFOPLIST_FILE = YES;
				MARKETING_VERSION = 1.0;
				PRODUCT_BUNDLE_IDENTIFIER = Vahe.ConcentrationUITests;
				PRODUCT_NAME = "$(TARGET_NAME)";
				SWIFT_EMIT_LOC_STRINGS = NO;
				SWIFT_VERSION = 5.0;
				TARGETED_DEVICE_FAMILY = "1,2";
				TEST_TARGET_NAME = Concentration;
			};
			name = Debug;
		};
		32ED37EE2A0AE36500C25BA3 /* Release */ = {
			isa = XCBuildConfiguration;
			buildSettings = {
				ALWAYS_EMBED_SWIFT_STANDARD_LIBRARIES = YES;
				CODE_SIGN_STYLE = Automatic;
				CURRENT_PROJECT_VERSION = 1;
				DEVELOPMENT_TEAM = 2BSX94J4GS;
				GENERATE_INFOPLIST_FILE = YES;
				MARKETING_VERSION = 1.0;
				PRODUCT_BUNDLE_IDENTIFIER = Vahe.ConcentrationUITests;
				PRODUCT_NAME = "$(TARGET_NAME)";
				SWIFT_EMIT_LOC_STRINGS = NO;
				SWIFT_VERSION = 5.0;
				TARGETED_DEVICE_FAMILY = "1,2";
				TEST_TARGET_NAME = Concentration;
			};
			name = Release;
		};
/* End XCBuildConfiguration section */

/* Begin XCConfigurationList section */
		32ED37B42A0AE36300C25BA3 /* Build configuration list for PBXProject "Concentration" */ = {
			isa = XCConfigurationList;
			buildConfigurations = (
				32ED37E42A0AE36500C25BA3 /* Debug */,
				32ED37E52A0AE36500C25BA3 /* Release */,
			);
			defaultConfigurationIsVisible = 0;
			defaultConfigurationName = Release;
		};
		32ED37E62A0AE36500C25BA3 /* Build configuration list for PBXNativeTarget "Concentration" */ = {
			isa = XCConfigurationList;
			buildConfigurations = (
				32ED37E72A0AE36500C25BA3 /* Debug */,
				32ED37E82A0AE36500C25BA3 /* Release */,
			);
			defaultConfigurationIsVisible = 0;
			defaultConfigurationName = Release;
		};
		32ED37E92A0AE36500C25BA3 /* Build configuration list for PBXNativeTarget "ConcentrationTests" */ = {
			isa = XCConfigurationList;
			buildConfigurations = (
				32ED37EA2A0AE36500C25BA3 /* Debug */,
				32ED37EB2A0AE36500C25BA3 /* Release */,
			);
			defaultConfigurationIsVisible = 0;
			defaultConfigurationName = Release;
		};
		32ED37EC2A0AE36500C25BA3 /* Build configuration list for PBXNativeTarget "ConcentrationUITests" */ = {
			isa = XCConfigurationList;
			buildConfigurations = (
				32ED37ED2A0AE36500C25BA3 /* Debug */,
				32ED37EE2A0AE36500C25BA3 /* Release */,
			);
			defaultConfigurationIsVisible = 0;
			defaultConfigurationName = Release;
		};
/* End XCConfigurationList section */

/* Begin XCVersionGroup section */
		32ED37C52A0AE36300C25BA3 /* Concentration.xcdatamodeld */ = {
			isa = XCVersionGroup;
			children = (
				32ED37C62A0AE36300C25BA3 /* Concentration.xcdatamodel */,
			);
			currentVersion = 32ED37C62A0AE36300C25BA3 /* Concentration.xcdatamodel */;
			path = Concentration.xcdatamodeld;
			sourceTree = "<group>";
			versionGroupType = wrapper.xcdatamodel;
		};
/* End XCVersionGroup section */
	};
	rootObject = 32ED37B12A0AE36300C25BA3 /* Project object */;
}
